PODS:
  - Kingfisher (6.3.1)
  - LookinServer (1.0.4)
  - PinLayout (1.10.0)
  - WUtils (0.0.1)

DEPENDENCIES:
  - Kingfisher
  - LookinServer
  - PinLayout
  - WUtils (from `.`)

SPEC REPOS:
  https://github.com/CocoaPods/Specs.git:
    - Kingfisher
    - LookinServer
    - PinLayout

EXTERNAL SOURCES:
  WUtils:
    :path: "."

SPEC CHECKSUMS:
  Kingfisher: 016c8b653a35add51dd34a3aba36b580041acc74
  LookinServer: 743c1681771d0a8dcc38825325a080c3186404a5
  PinLayout: e50e9a748b632905fca6e67043ea4b05d6c92186
  WUtils: 15ec2533644a3d414b5997152a8433873c54e4a4

PODFILE CHECKSUM: 2877e25af9ce4e4300ad79bb8e6be60af1504bd0

COCOAPODS: 1.10.1
